dependencies:
  '@ghost/dirname': 'link:utils/dirname'
  '@ghost/dotenv': 'link:utils/dotenv'
  '@ghost/logger': 'link:utils/logger'
  '@ghost/memoize': 'link:utils/memoize'
  '@ghost/nodewatch': 'link:utils/nodewatch'
lockfileVersion: 5.1
specifiers:
  '@ghost/dirname': 'link:utils/dirname'
  '@ghost/dotenv': 'link:utils/dotenv'
  '@ghost/logger': 'link:utils/logger'
  '@ghost/memoize': 'link:utils/memoize'
  '@ghost/nodewatch': 'link:utils/nodewatch'
